
Microsoft Visual Studio Solution File, Format Version 12.00
# Visual Studio Version 16
VisualStudioVersion = 16.0.29209.152
MinimumVisualStudioVersion = 10.0.40219.1
Project("{2150E333-8FDC-42A3-9474-1A3956D46DE8}") = "Solution Items", "Solution Items", "{728C18BC-4085-4492-B0B2-8211CA209A50}"
	ProjectSection(SolutionItems) = preProject
		build\common.props = build\common.props
		CONTRIBUTING.md = CONTRIBUTING.md
		LICENSE.txt = LICENSE.txt
		README.md = README.md
	EndProjectSection
EndProject
Project("{2150E333-8FDC-42A3-9474-1A3956D46DE8}") = "Platforms", "Platforms", "{D363E15F-621D-40E4-8C96-DEE41A7070FF}"
EndProject
Project("{2150E333-8FDC-42A3-9474-1A3956D46DE8}") = "Samples", "Samples", "{2CEE12C6-3840-4C01-A952-D3026B0A662A}"
EndProject
Project("{9A19103F-16F7-4668-BE54-9A1E7A4F7556}") = "Exceptionless", "src\Exceptionless\Exceptionless.csproj", "{C3664CAF-6DE9-4049-951F-516C10FBA012}"
EndProject
Project("{9A19103F-16F7-4668-BE54-9A1E7A4F7556}") = "Exceptionless.Tests", "test\Exceptionless.Tests\Exceptionless.Tests.csproj", "{7961053F-A83D-48AE-9ABC-7EA134973223}"
EndProject
Project("{9A19103F-16F7-4668-BE54-9A1E7A4F7556}") = "Exceptionless.Log4net", "src\Platforms\Exceptionless.Log4net\Exceptionless.Log4net.csproj", "{40447BEF-BE34-46C2-B05B-2DF671586AD7}"
EndProject
Project("{9A19103F-16F7-4668-BE54-9A1E7A4F7556}") = "Exceptionless.NLog", "src\Platforms\Exceptionless.NLog\Exceptionless.NLog.csproj", "{A210FAF7-885E-44F4-85D4-F6D279EAFE82}"
EndProject
Project("{9A19103F-16F7-4668-BE54-9A1E7A4F7556}") = "Exceptionless.Mvc", "src\Platforms\Exceptionless.Mvc\Exceptionless.Mvc.csproj", "{A3139129-3FB8-451D-90D6-4BF6A5C8B479}"
EndProject
Project("{9A19103F-16F7-4668-BE54-9A1E7A4F7556}") = "Exceptionless.Web", "src\Platforms\Exceptionless.Web\Exceptionless.Web.csproj", "{D4265DE5-6AA5-4566-8B51-4FC2158C8539}"
EndProject
Project("{9A19103F-16F7-4668-BE54-9A1E7A4F7556}") = "Exceptionless.WebApi", "src\Platforms\Exceptionless.WebApi\Exceptionless.WebApi.csproj", "{E29380A2-85E5-468E-8D09-4E1CFDF5E90E}"
EndProject
Project("{9A19103F-16F7-4668-BE54-9A1E7A4F7556}") = "Exceptionless.SampleWebApi", "samples\Exceptionless.SampleWebApi\Exceptionless.SampleWebApi.csproj", "{02EBBB5A-0F11-461E-9778-010F69C36545}"
EndProject
Project("{FAE04EC0-301F-11D3-BF4B-00C04F79EFBC}") = "Exceptionless.SampleWcf", "samples\Exceptionless.SampleWcf\Exceptionless.SampleWcf.csproj", "{D03FB8BA-EE59-42DD-840F-E7791B4609F0}"
	ProjectSection(ProjectDependencies) = postProject
		{C3664CAF-6DE9-4049-951F-516C10FBA012} = {C3664CAF-6DE9-4049-951F-516C10FBA012}
		{D4265DE5-6AA5-4566-8B51-4FC2158C8539} = {D4265DE5-6AA5-4566-8B51-4FC2158C8539}
	EndProjectSection
EndProject
Project("{FAE04EC0-301F-11D3-BF4B-00C04F79EFBC}") = "Exceptionless.SampleWeb", "samples\Exceptionless.SampleWeb\Exceptionless.SampleWeb.csproj", "{DAE5248F-75FC-42CC-96A7-34C470F28641}"
	ProjectSection(ProjectDependencies) = postProject
		{C3664CAF-6DE9-4049-951F-516C10FBA012} = {C3664CAF-6DE9-4049-951F-516C10FBA012}
		{D4265DE5-6AA5-4566-8B51-4FC2158C8539} = {D4265DE5-6AA5-4566-8B51-4FC2158C8539}
	EndProjectSection
EndProject
Project("{FAE04EC0-301F-11D3-BF4B-00C04F79EFBC}") = "Exceptionless.SampleMvc", "samples\Exceptionless.SampleMvc\Exceptionless.SampleMvc.csproj", "{B7075822-FBB6-4B3A-A639-37C39DC27BB6}"
	ProjectSection(ProjectDependencies) = postProject
		{A3139129-3FB8-451D-90D6-4BF6A5C8B479} = {A3139129-3FB8-451D-90D6-4BF6A5C8B479}
		{E29380A2-85E5-468E-8D09-4E1CFDF5E90E} = {E29380A2-85E5-468E-8D09-4E1CFDF5E90E}
		{C3664CAF-6DE9-4049-951F-516C10FBA012} = {C3664CAF-6DE9-4049-951F-516C10FBA012}
	EndProjectSection
EndProject
Project("{9A19103F-16F7-4668-BE54-9A1E7A4F7556}") = "Exceptionless.AspNetCore", "src\Platforms\Exceptionless.AspNetCore\Exceptionless.AspNetCore.csproj", "{F949CF8F-9D5F-454B-B20A-D8F9C22B70D9}"
EndProject
Project("{9A19103F-16F7-4668-BE54-9A1E7A4F7556}") = "Exceptionless.SampleAspNetCore", "samples\Exceptionless.SampleAspNetCore\Exceptionless.SampleAspNetCore.csproj", "{D7039656-8587-49CC-8657-5C9BDCFC1C80}"
EndProject
Project("{9A19103F-16F7-4668-BE54-9A1E7A4F7556}") = "Exceptionless.SampleConsole", "samples\Exceptionless.SampleConsole\Exceptionless.SampleConsole.csproj", "{23645F73-57D8-4D70-BE1A-37903A8E4A18}"
EndProject
Project("{9A19103F-16F7-4668-BE54-9A1E7A4F7556}") = "Exceptionless.Extensions.Logging", "src\Platforms\Exceptionless.Extensions.Logging\Exceptionless.Extensions.Logging.csproj", "{9A8BB712-01DE-491C-8E33-E381DDEDDC19}"
EndProject
Project("{9A19103F-16F7-4668-BE54-9A1E7A4F7556}") = "Exceptionless.MessagePack", "src\Platforms\Exceptionless.MessagePack\Exceptionless.MessagePack.csproj", "{F7ABD87A-2D84-4962-9A97-EC2F864CFA21}"
EndProject
Project("{9A19103F-16F7-4668-BE54-9A1E7A4F7556}") = "Exceptionless.MessagePack.Tests", "test\Exceptionless.MessagePack.Tests\Exceptionless.MessagePack.Tests.csproj", "{8DB42DED-86AE-4FC9-AE98-2884A0D607AC}"
EndProject
Project("{2150E333-8FDC-42A3-9474-1A3956D46DE8}") = "Tests", "Tests", "{847AAE03-9F4A-4920-9E56-8AECB915E2B6}"
EndProject
Project("{9A19103F-16F7-4668-BE54-9A1E7A4F7556}") = "Exceptionless.TestHarness", "test\Exceptionless.TestHarness\Exceptionless.TestHarness.csproj", "{485643BC-C33E-485A-80CC-DBD2E3C3E44A}"
EndProject
Project("{9A19103F-16F7-4668-BE54-9A1E7A4F7556}") = "Exceptionless.Windows", "src\Platforms\Exceptionless.Windows\Exceptionless.Windows.csproj", "{CB781BC1-4C3F-47BB-809B-FD9CB8C0FD82}"
EndProject
Project("{9A19103F-16F7-4668-BE54-9A1E7A4F7556}") = "Exceptionless.Wpf", "src\Platforms\Exceptionless.Wpf\Exceptionless.Wpf.csproj", "{683D19D9-1AF2-4F4B-B0E6-24F26A369436}"
EndProject
Project("{9A19103F-16F7-4668-BE54-9A1E7A4F7556}") = "Exceptionless.SampleWindows", "samples\Exceptionless.SampleWindows\Exceptionless.SampleWindows.csproj", "{E1D077DE-C62E-4137-B609-3E9845C8A027}"
EndProject
Project("{9A19103F-16F7-4668-BE54-9A1E7A4F7556}") = "Exceptionless.SampleWpf", "samples\Exceptionless.SampleWpf\Exceptionless.SampleWpf.csproj", "{AD95A70D-18DB-414E-9F6C-1B13B4FBA56E}"
EndProject
Project("{9A19103F-16F7-4668-BE54-9A1E7A4F7556}") = "Exceptionless.Extensions.Hosting", "src\Platforms\Exceptionless.Extensions.Hosting\Exceptionless.Extensions.Hosting.csproj", "{A5589072-EC59-4A6A-B78D-5D2ABB36DB1B}"
EndProject
Project("{9A19103F-16F7-4668-BE54-9A1E7A4F7556}") = "Exceptionless.SampleHosting", "samples\Exceptionless.SampleHosting\Exceptionless.SampleHosting.csproj", "{693ED127-0124-4697-8369-700717615E85}"
EndProject
Project("{9A19103F-16F7-4668-BE54-9A1E7A4F7556}") = "Exceptionless.SampleLambda", "samples\Exceptionless.SampleLambda\Exceptionless.SampleLambda.csproj", "{4B26BF7F-85FB-4B41-BF93-661E83A4EDD7}"
EndProject
Project("{9A19103F-16F7-4668-BE54-9A1E7A4F7556}") = "Exceptionless.SampleLambdaAspNetCore", "samples\Exceptionless.SampleLambdaAspNetCore\Exceptionless.SampleLambdaAspNetCore.csproj", "{D9987952-B891-48B4-AA93-59AA39F33FC4}"
EndProject
Global
	GlobalSection(SolutionConfigurationPlatforms) = preSolution
		Debug|Any CPU = Debug|Any CPU
		Release|Any CPU = Release|Any CPU
	EndGlobalSection
	GlobalSection(ProjectConfigurationPlatforms) = postSolution
		{C3664CAF-6DE9-4049-951F-516C10FBA012}.Debug|Any CPU.ActiveCfg = Debug|Any CPU
		{C3664CAF-6DE9-4049-951F-516C10FBA012}.Debug|Any CPU.Build.0 = Debug|Any CPU
		{C3664CAF-6DE9-4049-951F-516C10FBA012}.Release|Any CPU.ActiveCfg = Release|Any CPU
		{C3664CAF-6DE9-4049-951F-516C10FBA012}.Release|Any CPU.Build.0 = Release|Any CPU
		{7961053F-A83D-48AE-9ABC-7EA134973223}.Debug|Any CPU.ActiveCfg = Debug|Any CPU
		{7961053F-A83D-48AE-9ABC-7EA134973223}.Debug|Any CPU.Build.0 = Debug|Any CPU
		{7961053F-A83D-48AE-9ABC-7EA134973223}.Release|Any CPU.ActiveCfg = Release|Any CPU
		{7961053F-A83D-48AE-9ABC-7EA134973223}.Release|Any CPU.Build.0 = Release|Any CPU
		{40447BEF-BE34-46C2-B05B-2DF671586AD7}.Debug|Any CPU.ActiveCfg = Debug|Any CPU
		{40447BEF-BE34-46C2-B05B-2DF671586AD7}.Debug|Any CPU.Build.0 = Debug|Any CPU
		{40447BEF-BE34-46C2-B05B-2DF671586AD7}.Release|Any CPU.ActiveCfg = Release|Any CPU
		{40447BEF-BE34-46C2-B05B-2DF671586AD7}.Release|Any CPU.Build.0 = Release|Any CPU
		{A210FAF7-885E-44F4-85D4-F6D279EAFE82}.Debug|Any CPU.ActiveCfg = Debug|Any CPU
		{A210FAF7-885E-44F4-85D4-F6D279EAFE82}.Debug|Any CPU.Build.0 = Debug|Any CPU
		{A210FAF7-885E-44F4-85D4-F6D279EAFE82}.Release|Any CPU.ActiveCfg = Release|Any CPU
		{A210FAF7-885E-44F4-85D4-F6D279EAFE82}.Release|Any CPU.Build.0 = Release|Any CPU
		{A3139129-3FB8-451D-90D6-4BF6A5C8B479}.Debug|Any CPU.ActiveCfg = Debug|Any CPU
		{A3139129-3FB8-451D-90D6-4BF6A5C8B479}.Debug|Any CPU.Build.0 = Debug|Any CPU
		{A3139129-3FB8-451D-90D6-4BF6A5C8B479}.Release|Any CPU.ActiveCfg = Release|Any CPU
		{A3139129-3FB8-451D-90D6-4BF6A5C8B479}.Release|Any CPU.Build.0 = Release|Any CPU
		{D4265DE5-6AA5-4566-8B51-4FC2158C8539}.Debug|Any CPU.ActiveCfg = Debug|Any CPU
		{D4265DE5-6AA5-4566-8B51-4FC2158C8539}.Debug|Any CPU.Build.0 = Debug|Any CPU
		{D4265DE5-6AA5-4566-8B51-4FC2158C8539}.Release|Any CPU.ActiveCfg = Release|Any CPU
		{D4265DE5-6AA5-4566-8B51-4FC2158C8539}.Release|Any CPU.Build.0 = Release|Any CPU
		{E29380A2-85E5-468E-8D09-4E1CFDF5E90E}.Debug|Any CPU.ActiveCfg = Debug|Any CPU
		{E29380A2-85E5-468E-8D09-4E1CFDF5E90E}.Debug|Any CPU.Build.0 = Debug|Any CPU
		{E29380A2-85E5-468E-8D09-4E1CFDF5E90E}.Release|Any CPU.ActiveCfg = Release|Any CPU
		{E29380A2-85E5-468E-8D09-4E1CFDF5E90E}.Release|Any CPU.Build.0 = Release|Any CPU
		{02EBBB5A-0F11-461E-9778-010F69C36545}.Debug|Any CPU.ActiveCfg = Debug|Any CPU
		{02EBBB5A-0F11-461E-9778-010F69C36545}.Debug|Any CPU.Build.0 = Debug|Any CPU
		{02EBBB5A-0F11-461E-9778-010F69C36545}.Release|Any CPU.ActiveCfg = Release|Any CPU
		{02EBBB5A-0F11-461E-9778-010F69C36545}.Release|Any CPU.Build.0 = Release|Any CPU
		{D03FB8BA-EE59-42DD-840F-E7791B4609F0}.Debug|Any CPU.ActiveCfg = Debug|Any CPU
		{D03FB8BA-EE59-42DD-840F-E7791B4609F0}.Debug|Any CPU.Build.0 = Debug|Any CPU
		{D03FB8BA-EE59-42DD-840F-E7791B4609F0}.Release|Any CPU.ActiveCfg = Release|Any CPU
		{D03FB8BA-EE59-42DD-840F-E7791B4609F0}.Release|Any CPU.Build.0 = Release|Any CPU
		{DAE5248F-75FC-42CC-96A7-34C470F28641}.Debug|Any CPU.ActiveCfg = Debug|Any CPU
		{DAE5248F-75FC-42CC-96A7-34C470F28641}.Debug|Any CPU.Build.0 = Debug|Any CPU
		{DAE5248F-75FC-42CC-96A7-34C470F28641}.Release|Any CPU.ActiveCfg = Release|Any CPU
		{DAE5248F-75FC-42CC-96A7-34C470F28641}.Release|Any CPU.Build.0 = Release|Any CPU
		{B7075822-FBB6-4B3A-A639-37C39DC27BB6}.Debug|Any CPU.ActiveCfg = Debug|Any CPU
		{B7075822-FBB6-4B3A-A639-37C39DC27BB6}.Debug|Any CPU.Build.0 = Debug|Any CPU
		{B7075822-FBB6-4B3A-A639-37C39DC27BB6}.Release|Any CPU.ActiveCfg = Release|Any CPU
		{B7075822-FBB6-4B3A-A639-37C39DC27BB6}.Release|Any CPU.Build.0 = Release|Any CPU
		{F949CF8F-9D5F-454B-B20A-D8F9C22B70D9}.Debug|Any CPU.ActiveCfg = Debug|Any CPU
		{F949CF8F-9D5F-454B-B20A-D8F9C22B70D9}.Debug|Any CPU.Build.0 = Debug|Any CPU
		{F949CF8F-9D5F-454B-B20A-D8F9C22B70D9}.Release|Any CPU.ActiveCfg = Release|Any CPU
		{F949CF8F-9D5F-454B-B20A-D8F9C22B70D9}.Release|Any CPU.Build.0 = Release|Any CPU
		{D7039656-8587-49CC-8657-5C9BDCFC1C80}.Debug|Any CPU.ActiveCfg = Debug|Any CPU
		{D7039656-8587-49CC-8657-5C9BDCFC1C80}.Debug|Any CPU.Build.0 = Debug|Any CPU
		{D7039656-8587-49CC-8657-5C9BDCFC1C80}.Release|Any CPU.ActiveCfg = Release|Any CPU
		{D7039656-8587-49CC-8657-5C9BDCFC1C80}.Release|Any CPU.Build.0 = Release|Any CPU
		{23645F73-57D8-4D70-BE1A-37903A8E4A18}.Debug|Any CPU.ActiveCfg = Debug|Any CPU
		{23645F73-57D8-4D70-BE1A-37903A8E4A18}.Debug|Any CPU.Build.0 = Debug|Any CPU
		{23645F73-57D8-4D70-BE1A-37903A8E4A18}.Release|Any CPU.ActiveCfg = Release|Any CPU
		{23645F73-57D8-4D70-BE1A-37903A8E4A18}.Release|Any CPU.Build.0 = Release|Any CPU
		{9A8BB712-01DE-491C-8E33-E381DDEDDC19}.Debug|Any CPU.ActiveCfg = Debug|Any CPU
		{9A8BB712-01DE-491C-8E33-E381DDEDDC19}.Debug|Any CPU.Build.0 = Debug|Any CPU
		{9A8BB712-01DE-491C-8E33-E381DDEDDC19}.Release|Any CPU.ActiveCfg = Release|Any CPU
		{9A8BB712-01DE-491C-8E33-E381DDEDDC19}.Release|Any CPU.Build.0 = Release|Any CPU
		{F7ABD87A-2D84-4962-9A97-EC2F864CFA21}.Debug|Any CPU.ActiveCfg = Debug|Any CPU
		{F7ABD87A-2D84-4962-9A97-EC2F864CFA21}.Debug|Any CPU.Build.0 = Debug|Any CPU
		{F7ABD87A-2D84-4962-9A97-EC2F864CFA21}.Release|Any CPU.ActiveCfg = Release|Any CPU
		{F7ABD87A-2D84-4962-9A97-EC2F864CFA21}.Release|Any CPU.Build.0 = Release|Any CPU
		{8DB42DED-86AE-4FC9-AE98-2884A0D607AC}.Debug|Any CPU.ActiveCfg = Debug|Any CPU
		{8DB42DED-86AE-4FC9-AE98-2884A0D607AC}.Debug|Any CPU.Build.0 = Debug|Any CPU
		{8DB42DED-86AE-4FC9-AE98-2884A0D607AC}.Release|Any CPU.ActiveCfg = Release|Any CPU
		{8DB42DED-86AE-4FC9-AE98-2884A0D607AC}.Release|Any CPU.Build.0 = Release|Any CPU
		{485643BC-C33E-485A-80CC-DBD2E3C3E44A}.Debug|Any CPU.ActiveCfg = Debug|Any CPU
		{485643BC-C33E-485A-80CC-DBD2E3C3E44A}.Debug|Any CPU.Build.0 = Debug|Any CPU
		{485643BC-C33E-485A-80CC-DBD2E3C3E44A}.Release|Any CPU.ActiveCfg = Release|Any CPU
		{485643BC-C33E-485A-80CC-DBD2E3C3E44A}.Release|Any CPU.Build.0 = Release|Any CPU
		{CB781BC1-4C3F-47BB-809B-FD9CB8C0FD82}.Debug|Any CPU.ActiveCfg = Debug|Any CPU
		{CB781BC1-4C3F-47BB-809B-FD9CB8C0FD82}.Debug|Any CPU.Build.0 = Debug|Any CPU
		{CB781BC1-4C3F-47BB-809B-FD9CB8C0FD82}.Release|Any CPU.ActiveCfg = Release|Any CPU
		{CB781BC1-4C3F-47BB-809B-FD9CB8C0FD82}.Release|Any CPU.Build.0 = Release|Any CPU
		{683D19D9-1AF2-4F4B-B0E6-24F26A369436}.Debug|Any CPU.ActiveCfg = Debug|Any CPU
		{683D19D9-1AF2-4F4B-B0E6-24F26A369436}.Debug|Any CPU.Build.0 = Debug|Any CPU
		{683D19D9-1AF2-4F4B-B0E6-24F26A369436}.Release|Any CPU.ActiveCfg = Release|Any CPU
		{683D19D9-1AF2-4F4B-B0E6-24F26A369436}.Release|Any CPU.Build.0 = Release|Any CPU
		{E1D077DE-C62E-4137-B609-3E9845C8A027}.Debug|Any CPU.ActiveCfg = Debug|Any CPU
		{E1D077DE-C62E-4137-B609-3E9845C8A027}.Debug|Any CPU.Build.0 = Debug|Any CPU
		{E1D077DE-C62E-4137-B609-3E9845C8A027}.Release|Any CPU.ActiveCfg = Release|Any CPU
		{E1D077DE-C62E-4137-B609-3E9845C8A027}.Release|Any CPU.Build.0 = Release|Any CPU
		{AD95A70D-18DB-414E-9F6C-1B13B4FBA56E}.Debug|Any CPU.ActiveCfg = Debug|Any CPU
		{AD95A70D-18DB-414E-9F6C-1B13B4FBA56E}.Debug|Any CPU.Build.0 = Debug|Any CPU
		{AD95A70D-18DB-414E-9F6C-1B13B4FBA56E}.Release|Any CPU.ActiveCfg = Release|Any CPU
		{AD95A70D-18DB-414E-9F6C-1B13B4FBA56E}.Release|Any CPU.Build.0 = Release|Any CPU
		{A5589072-EC59-4A6A-B78D-5D2ABB36DB1B}.Debug|Any CPU.ActiveCfg = Debug|Any CPU
		{A5589072-EC59-4A6A-B78D-5D2ABB36DB1B}.Debug|Any CPU.Build.0 = Debug|Any CPU
		{A5589072-EC59-4A6A-B78D-5D2ABB36DB1B}.Release|Any CPU.ActiveCfg = Release|Any CPU
		{A5589072-EC59-4A6A-B78D-5D2ABB36DB1B}.Release|Any CPU.Build.0 = Release|Any CPU
		{693ED127-0124-4697-8369-700717615E85}.Debug|Any CPU.ActiveCfg = Debug|Any CPU
		{693ED127-0124-4697-8369-700717615E85}.Debug|Any CPU.Build.0 = Debug|Any CPU
		{693ED127-0124-4697-8369-700717615E85}.Release|Any CPU.ActiveCfg = Release|Any CPU
		{693ED127-0124-4697-8369-700717615E85}.Release|Any CPU.Build.0 = Release|Any CPU
		{4B26BF7F-85FB-4B41-BF93-661E83A4EDD7}.Debug|Any CPU.ActiveCfg = Debug|Any CPU
		{4B26BF7F-85FB-4B41-BF93-661E83A4EDD7}.Debug|Any CPU.Build.0 = Debug|Any CPU
		{4B26BF7F-85FB-4B41-BF93-661E83A4EDD7}.Release|Any CPU.ActiveCfg = Release|Any CPU
		{4B26BF7F-85FB-4B41-BF93-661E83A4EDD7}.Release|Any CPU.Build.0 = Release|Any CPU
		{D9987952-B891-48B4-AA93-59AA39F33FC4}.Debug|Any CPU.ActiveCfg = Debug|Any CPU
		{D9987952-B891-48B4-AA93-59AA39F33FC4}.Debug|Any CPU.Build.0 = Debug|Any CPU
		{D9987952-B891-48B4-AA93-59AA39F33FC4}.Release|Any CPU.ActiveCfg = Release|Any CPU
		{D9987952-B891-48B4-AA93-59AA39F33FC4}.Release|Any CPU.Build.0 = Release|Any CPU
	EndGlobalSection
	GlobalSection(SolutionProperties) = preSolution
		HideSolutionNode = FALSE
	EndGlobalSection
	GlobalSection(NestedProjects) = preSolution
		{7961053F-A83D-48AE-9ABC-7EA134973223} = {847AAE03-9F4A-4920-9E56-8AECB915E2B6}
		{40447BEF-BE34-46C2-B05B-2DF671586AD7} = {D363E15F-621D-40E4-8C96-DEE41A7070FF}
		{A210FAF7-885E-44F4-85D4-F6D279EAFE82} = {D363E15F-621D-40E4-8C96-DEE41A7070FF}
		{A3139129-3FB8-451D-90D6-4BF6A5C8B479} = {D363E15F-621D-40E4-8C96-DEE41A7070FF}
		{D4265DE5-6AA5-4566-8B51-4FC2158C8539} = {D363E15F-621D-40E4-8C96-DEE41A7070FF}
		{E29380A2-85E5-468E-8D09-4E1CFDF5E90E} = {D363E15F-621D-40E4-8C96-DEE41A7070FF}
		{02EBBB5A-0F11-461E-9778-010F69C36545} = {2CEE12C6-3840-4C01-A952-D3026B0A662A}
		{D03FB8BA-EE59-42DD-840F-E7791B4609F0} = {2CEE12C6-3840-4C01-A952-D3026B0A662A}
		{DAE5248F-75FC-42CC-96A7-34C470F28641} = {2CEE12C6-3840-4C01-A952-D3026B0A662A}
		{B7075822-FBB6-4B3A-A639-37C39DC27BB6} = {2CEE12C6-3840-4C01-A952-D3026B0A662A}
		{F949CF8F-9D5F-454B-B20A-D8F9C22B70D9} = {D363E15F-621D-40E4-8C96-DEE41A7070FF}
		{D7039656-8587-49CC-8657-5C9BDCFC1C80} = {2CEE12C6-3840-4C01-A952-D3026B0A662A}
		{23645F73-57D8-4D70-BE1A-37903A8E4A18} = {2CEE12C6-3840-4C01-A952-D3026B0A662A}
		{9A8BB712-01DE-491C-8E33-E381DDEDDC19} = {D363E15F-621D-40E4-8C96-DEE41A7070FF}
		{F7ABD87A-2D84-4962-9A97-EC2F864CFA21} = {D363E15F-621D-40E4-8C96-DEE41A7070FF}
		{8DB42DED-86AE-4FC9-AE98-2884A0D607AC} = {847AAE03-9F4A-4920-9E56-8AECB915E2B6}
		{485643BC-C33E-485A-80CC-DBD2E3C3E44A} = {847AAE03-9F4A-4920-9E56-8AECB915E2B6}
		{CB781BC1-4C3F-47BB-809B-FD9CB8C0FD82} = {D363E15F-621D-40E4-8C96-DEE41A7070FF}
		{683D19D9-1AF2-4F4B-B0E6-24F26A369436} = {D363E15F-621D-40E4-8C96-DEE41A7070FF}
		{E1D077DE-C62E-4137-B609-3E9845C8A027} = {2CEE12C6-3840-4C01-A952-D3026B0A662A}
		{AD95A70D-18DB-414E-9F6C-1B13B4FBA56E} = {2CEE12C6-3840-4C01-A952-D3026B0A662A}
		{A5589072-EC59-4A6A-B78D-5D2ABB36DB1B} = {D363E15F-621D-40E4-8C96-DEE41A7070FF}
		{693ED127-0124-4697-8369-700717615E85} = {2CEE12C6-3840-4C01-A952-D3026B0A662A}
		{4B26BF7F-85FB-4B41-BF93-661E83A4EDD7} = {2CEE12C6-3840-4C01-A952-D3026B0A662A}
		{D9987952-B891-48B4-AA93-59AA39F33FC4} = {2CEE12C6-3840-4C01-A952-D3026B0A662A}
	EndGlobalSection
	GlobalSection(ExtensibilityGlobals) = postSolution
		SolutionGuid = {EBB2CC85-FF87-431B-865F-2F110B2A10E6}
	EndGlobalSection
EndGlobal
